{
  "name": "codelife",
  "version": "1.0.0",
  "lockfileVersion": 1,
  "dependencies": {
    "ansi-escapes": {
      "version": "1.4.0",
      "resolved": "https://registry.npmjs.org/ansi-escapes/-/ansi-escapes-1.4.0.tgz",
      "integrity": "sha1-06ioOzGapneTZisT52HHkRQiMG4="
    },
    "ansi-regex": {
      "version": "2.1.1",
      "resolved": "https://registry.npmjs.org/ansi-regex/-/ansi-regex-2.1.1.tgz",
      "integrity": "sha1-w7M6te42DYbg5ijwRorn7yfWVN8="
    },
    "ansi-styles": {
      "version": "2.2.1",
      "resolved": "https://registry.npmjs.org/ansi-styles/-/ansi-styles-2.2.1.tgz",
      "integrity": "sha1-tDLdM1i2NM914eRmQ2gkBTPB3b4="
    },
    "asap": {
      "version": "2.0.5",
      "resolved": "https://registry.npmjs.org/asap/-/asap-2.0.5.tgz",
      "integrity": "sha1-UidltQw1EEkOUtfc/ghe+bqWlY8="
    },
    "babel-polyfill": {
      "version": "6.23.0",
      "resolved": "https://registry.npmjs.org/babel-polyfill/-/babel-polyfill-6.23.0.tgz",
      "integrity": "sha1-g2TKYt+Or7gwSZ9pkXdGbDsDSZ0="
    },
    "babel-runtime": {
      "version": "6.23.0",
      "resolved": "https://registry.npmjs.org/babel-runtime/-/babel-runtime-6.23.0.tgz",
      "integrity": "sha1-CpSJ8UTecO+zzkMArM2zKeL8VDs="
    },
    "brace": {
      "version": "0.10.0",
      "resolved": "https://registry.npmjs.org/brace/-/brace-0.10.0.tgz",
      "integrity": "sha1-7e9OubCSi6HuX3F//BV3SabdXXY="
    },
    "chalk": {
      "version": "1.1.3",
      "resolved": "https://registry.npmjs.org/chalk/-/chalk-1.1.3.tgz",
      "integrity": "sha1-qBFcVeSnAv5NFQq9OHKCKn4J/Jg="
    },
    "cli-width": {
      "version": "2.1.0",
      "resolved": "https://registry.npmjs.org/cli-width/-/cli-width-2.1.0.tgz",
      "integrity": "sha1-sjTKIJsp72b8UY2bmNWEewDt8Ao="
    },
    "core-js": {
      "version": "2.4.1",
      "resolved": "https://registry.npmjs.org/core-js/-/core-js-2.4.1.tgz",
      "integrity": "sha1-TekR5mew6ukSTjQlS1OupvxhjT4="
    },
    "datawheel-canon": {
      "version": "0.8.0",
      "resolved": "https://registry.npmjs.org/datawheel-canon/-/datawheel-canon-0.8.0.tgz",
      "integrity": "sha512-z/FPFAsT2siBTZEtby/12+VnRQfwtB6iR9pZixLpcfSy9lxqZ5nvVXYqOqEjQsx7H4WU/QcTGVy1weYnNPeqSQ==",
      "requires": {
        "@blueprintjs/core": "1.23.1",
        "axios": "0.15.3",
        "babel-cli": "6.24.1",
        "babel-loader": "7.1.1",
        "babel-plugin-react-transform": "2.0.2",
        "babel-plugin-transform-decorators-legacy": "1.3.4",
        "babel-plugin-transform-react-constant-elements": "6.23.0",
        "babel-plugin-transform-react-inline-elements": "6.22.0",
        "babel-plugin-transform-react-remove-prop-types": "0.3.3",
        "babel-polyfill": "6.23.0",
        "babel-preset-es2015": "6.24.1",
        "babel-preset-react": "6.24.1",
        "babel-preset-react-hmre": "1.1.1",
        "babel-preset-stage-0": "6.24.1",
        "bcrypt-nodejs": "0.0.3",
        "body-parser": "1.17.2",
        "chalk": "1.1.3",
        "compression": "1.7.0",
        "cookie-parser": "1.4.3",
        "cookie-session": "2.0.0-beta.2",
        "css-loader": "0.27.3",
        "d3plus-react": "0.2.12",
        "d3plus-text": "0.9.19",
        "d3plus-viz": "0.9.6",
        "es6-promise": "4.1.1",
        "eslint": "3.19.0",
        "eslint-plugin-react": "6.10.3",
        "express": "4.15.3",
        "extract-text-webpack-plugin": "2.1.2",
        "grizzly": "2.1.3",
        "helmet": "3.8.0",
        "i18next": "7.2.3",
        "i18next-express-middleware": "1.0.5",
        "i18next-node-fs-backend": "0.1.3",
        "i18next-parser": "0.11.1",
        "inline-environment-variables-webpack-plugin": "1.1.0",
        "js-yaml": "3.9.0",
        "lost": "8.2.0",
        "node-notifier": "5.1.2",
        "nodemon": "1.11.0",
        "normalize.css": "5.0.0",
        "passport": "0.3.2",
        "passport-facebook": "2.1.1",
        "passport-instagram": "1.0.0",
        "passport-local": "1.0.0",
        "passport-twitter": "1.0.4",
        "pg": "6.4.1",
        "postcss-conditionals": "2.1.0",
        "postcss-cssnext": "2.11.0",
        "postcss-custom-properties": "5.0.2",
        "postcss-for": "2.1.1",
        "postcss-import": "9.1.0",
        "postcss-loader": "1.3.3",
        "postcss-map": "0.9.0",
        "postcss-mixins": "5.4.1",
        "postcss-nesting": "2.3.1",
        "postcss-reporter": "3.0.0",
        "prop-types": "15.5.10",
        "react": "15.6.1",
        "react-addons-css-transition-group": "15.6.0",
        "react-dom": "15.6.1",
        "react-helmet": "4.0.0",
        "react-i18next": "3.1.2",
        "react-redux": "5.0.5",
        "react-router": "3.0.5",
        "react-router-redux": "4.0.8",
        "react-scroll": "1.5.4",
        "react-transform-hmr": "1.0.4",
        "redux": "3.7.1",
        "redux-logger": "2.10.2",
        "redux-thunk": "2.2.0",
        "sequelize": "4.4.2",
        "serialize-javascript": "1.4.0",
        "shelljs": "0.7.8",
        "style-loader": "0.13.2",
        "url-loader": "0.5.9",
        "webpack": "2.7.0",
        "webpack-dev-middleware": "1.11.0",
        "webpack-hot-middleware": "2.18.2",
        "yn": "2.0.0"
      }
    },
    "disposables": {
      "version": "1.0.1",
      "resolved": "https://registry.npmjs.org/disposables/-/disposables-1.0.1.tgz",
      "integrity": "sha1-BkcnoltU9QK9griaot+4358bOeM="
    },
    "dnd-core": {
      "version": "2.4.0",
      "resolved": "https://registry.npmjs.org/dnd-core/-/dnd-core-2.4.0.tgz",
      "integrity": "sha1-xKW8Kup1Fk+KKV12nV9VGBDn1BE="
    },
    "encoding": {
      "version": "0.1.12",
      "resolved": "https://registry.npmjs.org/encoding/-/encoding-0.1.12.tgz",
      "integrity": "sha1-U4tm8+5izRq1HsMjgp0flIDHS+s="
    },
    "escape-string-regexp": {
      "version": "1.0.5",
      "resolved": "https://registry.npmjs.org/escape-string-regexp/-/escape-string-regexp-1.0.5.tgz",
      "integrity": "sha1-G2HAViGQqN/2rjuyzwIAyhMLhtQ="
    },
    "external-editor": {
      "version": "2.0.4",
      "resolved": "https://registry.npmjs.org/external-editor/-/external-editor-2.0.4.tgz",
      "integrity": "sha1-HtkZnanL/i7y96MbL96LDRI2iXI="
    },
    "fbjs": {
      "version": "0.8.12",
      "resolved": "https://registry.npmjs.org/fbjs/-/fbjs-0.8.12.tgz",
      "integrity": "sha1-ELXZL3bUVXX9Y6IX1OoCvqL47QQ=",
      "dependencies": {
        "core-js": {
          "version": "1.2.7",
          "resolved": "https://registry.npmjs.org/core-js/-/core-js-1.2.7.tgz",
          "integrity": "sha1-ZSKUwUZR2yj6k70tX/KYOk8IxjY="
        }
      }
    },
    "has-ansi": {
      "version": "2.0.0",
      "resolved": "https://registry.npmjs.org/has-ansi/-/has-ansi-2.0.0.tgz",
      "integrity": "sha1-NPUEnOHs3ysGSa8+8k5F7TVBbZE="
    },
    "helmet": {
      "version": "3.8.0",
      "resolved": "https://registry.npmjs.org/helmet/-/helmet-3.8.0.tgz",
      "integrity": "sha512-66RfO0koYNDIX94d8iXc0Fg+EfuQ2fvDr104bTiCno3RyD+igovNOFSe9F/X3ROrcCceLYQgxRSFD5P7fSveuA==",
      "requires": {
        "connect": "3.6.2",
        "dns-prefetch-control": "0.1.0",
        "dont-sniff-mimetype": "1.0.0",
        "expect-ct": "0.1.0",
        "frameguard": "3.0.0",
        "helmet-csp": "2.5.0",
        "hide-powered-by": "1.0.0",
        "hpkp": "2.0.0",
        "hsts": "2.1.0",
        "ienoopen": "1.0.0",
        "nocache": "2.0.0",
        "referrer-policy": "1.1.0",
        "x-xss-protection": "1.0.0"
      }
    },
    "helmet-csp": {
      "version": "2.5.0",
      "resolved": "https://registry.npmjs.org/helmet-csp/-/helmet-csp-2.5.0.tgz",
      "integrity": "sha512-KdGChwze2cJke00PYAg75ztUqMoC8N5ez/Exz183xHsAT5MAHqQR1A5YnivBxkISDnT+fD38jtEEat1aH5QfYw==",
      "requires": {
        "camelize": "1.0.0",
        "content-security-policy-builder": "1.1.0",
        "dasherize": "2.0.0",
        "lodash.reduce": "4.6.0",
        "platform": "1.3.4"
      }
    },
    "himalaya": {
      "version": "0.2.10",
      "resolved": "https://registry.npmjs.org/himalaya/-/himalaya-0.2.10.tgz",
      "integrity": "sha512-W9q+hyr3vIIJcAiuGc27+C1W4WtkYAfQ6yiYv0brkmA6HX7f5GFPsFFTp8gouD8yCkgxVZioGT7T1WjRvGuFHg=="
    },
    "hoist-non-react-statics": {
      "version": "1.2.0",
      "resolved": "https://registry.npmjs.org/hoist-non-react-statics/-/hoist-non-react-statics-1.2.0.tgz",
      "integrity": "sha1-qkSM8JhtVcxAdzsXF0t90GbLfPs="
    },
    "hsts": {
      "version": "2.1.0",
      "resolved": "https://registry.npmjs.org/hsts/-/hsts-2.1.0.tgz",
      "integrity": "sha512-zXhh/DqgrTXJ7erTN6Fh5k/xjMhDGXCqdYN3wvxUvGUQvnxcFfUd8E+6vLg/nk3ss1TYMb+DhRl25fYABioTvA=="
    },
    "iconv-lite": {
      "version": "0.4.18",
      "resolved": "https://registry.npmjs.org/iconv-lite/-/iconv-lite-0.4.18.tgz",
      "integrity": "sha512-sr1ZQph3UwHTR0XftSbK85OvBbxe/abLGzEnPENCQwmHf7sck8Oyu4ob3LgBxWWxRoM+QszeUyl7jbqapu2TqA=="
    },
    "invariant": {
      "version": "2.2.2",
      "resolved": "https://registry.npmjs.org/invariant/-/invariant-2.2.2.tgz",
      "integrity": "sha1-nh9WrArNtr8wMwbzOL47IErmA2A="
    },
    "is-promise": {
      "version": "2.1.0",
      "resolved": "https://registry.npmjs.org/is-promise/-/is-promise-2.1.0.tgz",
      "integrity": "sha1-eaKp7OfwlugPNtKy87wWwf9L8/o="
    },
    "is-stream": {
      "version": "1.1.0",
      "resolved": "https://registry.npmjs.org/is-stream/-/is-stream-1.1.0.tgz",
      "integrity": "sha1-EtSj3U5o4Lec6428hBc66A2RykQ="
    },
    "isomorphic-fetch": {
      "version": "2.2.1",
      "resolved": "https://registry.npmjs.org/isomorphic-fetch/-/isomorphic-fetch-2.2.1.tgz",
      "integrity": "sha1-YRrhrPFPXoH3KVB0coGf6XM1WKk="
    },
    "js-tokens": {
      "version": "3.0.1",
      "resolved": "https://registry.npmjs.org/js-tokens/-/js-tokens-3.0.1.tgz",
      "integrity": "sha1-COnxMkhKLEWjCQfp3E1VZ7fxFNc="
    },
    "jschardet": {
      "version": "1.4.2",
      "resolved": "https://registry.npmjs.org/jschardet/-/jschardet-1.4.2.tgz",
      "integrity": "sha1-KqEH8UKvQSHRRWWdRPUIMJYeaZo="
    },
    "lodash": {
      "version": "4.17.4",
      "resolved": "https://registry.npmjs.org/lodash/-/lodash-4.17.4.tgz",
      "integrity": "sha1-eCA6TRwyiuHYbcpkYONptX9AVa4="
    },
    "lodash-es": {
      "version": "4.17.4",
      "resolved": "https://registry.npmjs.org/lodash-es/-/lodash-es-4.17.4.tgz",
      "integrity": "sha1-3MHXVS4VCgZABzupyzHXDwMpUOc="
    },
    "lodash.get": {
      "version": "4.4.2",
      "resolved": "https://registry.npmjs.org/lodash.get/-/lodash.get-4.4.2.tgz",
      "integrity": "sha1-LRd/ZS+jHpObRDjVNBSZ36OCXpk="
    },
    "lodash.isequal": {
      "version": "4.5.0",
      "resolved": "https://registry.npmjs.org/lodash.isequal/-/lodash.isequal-4.5.0.tgz",
      "integrity": "sha1-QVxEePK8wwEgwizhDtMib30+GOA="
    },
    "loose-envify": {
      "version": "1.3.1",
      "resolved": "https://registry.npmjs.org/loose-envify/-/loose-envify-1.3.1.tgz",
      "integrity": "sha1-0aitM/qc4OcT1l/dCsi3SNR4yEg="
    },
    "mimic-fn": {
      "version": "1.1.0",
      "resolved": "https://registry.npmjs.org/mimic-fn/-/mimic-fn-1.1.0.tgz",
      "integrity": "sha1-5md4PZLonb00KBi1IwudYqZyrRg="
    },
    "node-fetch": {
      "version": "1.7.1",
      "resolved": "https://registry.npmjs.org/node-fetch/-/node-fetch-1.7.1.tgz",
      "integrity": "sha512-j8XsFGCLw79vWXkZtMSmmLaOk9z5SQ9bV/tkbZVCqvgwzrjAGq66igobLofHtF63NvMTp2WjytpsNTGKa+XRIQ=="
    },
    "oauth": {
      "version": "0.9.15",
      "resolved": "https://registry.npmjs.org/oauth/-/oauth-0.9.15.tgz",
      "integrity": "sha1-vR/vr2hslrdUda7VGWQS/2DPucE="
    },
    "object-assign": {
      "version": "4.1.1",
      "resolved": "https://registry.npmjs.org/object-assign/-/object-assign-4.1.1.tgz",
      "integrity": "sha1-IQmtx5ZYh8/AXLvUQsrIv7s2CGM="
    },
    "opencollective": {
      "version": "1.0.3",
      "resolved": "https://registry.npmjs.org/opencollective/-/opencollective-1.0.3.tgz",
      "integrity": "sha1-ruY3K8KBRFg2kMPKja7PwSDdDvE=",
      "dependencies": {
        "ansi-regex": {
          "version": "3.0.0",
          "resolved": "https://registry.npmjs.org/ansi-regex/-/ansi-regex-3.0.0.tgz",
          "integrity": "sha1-7QMXwyIGT3lGbAKWa922Bas32Zg="
        },
        "cli-cursor": {
          "version": "2.1.0",
          "resolved": "https://registry.npmjs.org/cli-cursor/-/cli-cursor-2.1.0.tgz",
          "integrity": "sha1-s12sN2R5+sw+lHR9QdDQ9SOP/LU="
        },
        "figures": {
          "version": "2.0.0",
          "resolved": "https://registry.npmjs.org/figures/-/figures-2.0.0.tgz",
          "integrity": "sha1-OrGi0qYsi/tDGgyUy3l6L84nyWI="
        },
        "inquirer": {
          "version": "3.0.6",
          "resolved": "https://registry.npmjs.org/inquirer/-/inquirer-3.0.6.tgz",
          "integrity": "sha1-4EqqnQW3o8ubD0B9BDdfBEcZA0c="
        },
        "is-fullwidth-code-point": {
          "version": "2.0.0",
          "resolved": "https://registry.npmjs.org/is-fullwidth-code-point/-/is-fullwidth-code-point-2.0.0.tgz",
          "integrity": "sha1-o7MKXE8ZkYMWeqq5O+764937ZU8="
        },
        "minimist": {
          "version": "1.2.0",
          "resolved": "https://registry.npmjs.org/minimist/-/minimist-1.2.0.tgz",
          "integrity": "sha1-o1AIsg9BOD7sH7kU9M1d95omQoQ="
        },
        "mute-stream": {
          "version": "0.0.7",
          "resolved": "https://registry.npmjs.org/mute-stream/-/mute-stream-0.0.7.tgz",
          "integrity": "sha1-MHXOk7whuPq0PhvE2n6BFe0ee6s="
        },
        "node-fetch": {
          "version": "1.6.3",
          "resolved": "https://registry.npmjs.org/node-fetch/-/node-fetch-1.6.3.tgz",
          "integrity": "sha1-3CNO3WSJmC1Y6PDbT2lQKavNjAQ="
        },
        "onetime": {
          "version": "2.0.1",
          "resolved": "https://registry.npmjs.org/onetime/-/onetime-2.0.1.tgz",
          "integrity": "sha1-BnQoIw/WdEOyeUsiu6UotoZ5YtQ="
        },
        "restore-cursor": {
          "version": "2.0.0",
          "resolved": "https://registry.npmjs.org/restore-cursor/-/restore-cursor-2.0.0.tgz",
          "integrity": "sha1-n37ih/gv0ybU/RYpI9YhKe7g368="
        },
        "run-async": {
          "version": "2.3.0",
          "resolved": "https://registry.npmjs.org/run-async/-/run-async-2.3.0.tgz",
          "integrity": "sha1-A3GrSuC91yDUFm19/aZP96RFpsA="
        },
        "string-width": {
          "version": "2.1.0",
          "resolved": "https://registry.npmjs.org/string-width/-/string-width-2.1.0.tgz",
          "integrity": "sha1-AwZkVh/BRslCPsfZeP4kV0N/5tA=",
          "dependencies": {
            "strip-ansi": {
              "version": "4.0.0",
              "resolved": "https://registry.npmjs.org/strip-ansi/-/strip-ansi-4.0.0.tgz",
              "integrity": "sha1-qEeQIusaw2iocTibY1JixQXuNo8="
            }
          }
        }
      }
    },
    "opn": {
      "version": "4.0.2",
      "resolved": "https://registry.npmjs.org/opn/-/opn-4.0.2.tgz",
      "integrity": "sha1-erwi5kTf9jsKltWrfyeQwPAavJU="
    },
    "os-tmpdir": {
      "version": "1.0.2",
      "resolved": "https://registry.npmjs.org/os-tmpdir/-/os-tmpdir-1.0.2.tgz",
      "integrity": "sha1-u+Z0BseaqFxc/sdm/lc0VV36EnQ="
    },
    "passport-facebook": {
      "version": "2.1.1",
      "resolved": "https://registry.npmjs.org/passport-facebook/-/passport-facebook-2.1.1.tgz",
      "integrity": "sha1-w50LUq5NWRYyRaTiGnubYyEwMxE=",
      "requires": {
        "passport-oauth2": "1.4.0"
      }
    },
    "passport-instagram": {
      "version": "1.0.0",
      "resolved": "https://registry.npmjs.org/passport-instagram/-/passport-instagram-1.0.0.tgz",
      "integrity": "sha1-6qK0LRFHO8/aUZDyYjTPSF9kVlY=",
      "requires": {
        "passport-oauth2": "1.4.0"
      }
    },
    "passport-oauth1": {
      "version": "1.1.0",
      "resolved": "https://registry.npmjs.org/passport-oauth1/-/passport-oauth1-1.1.0.tgz",
      "integrity": "sha1-p96YiiEfnPRoc3cTDqdN8ycwyRg=",
      "requires": {
        "oauth": "0.9.15",
        "passport-strategy": "1.0.0",
        "utils-merge": "1.0.0"
      }
    },
    "passport-oauth2": {
      "version": "1.4.0",
      "resolved": "https://registry.npmjs.org/passport-oauth2/-/passport-oauth2-1.4.0.tgz",
      "integrity": "sha1-9i+BWDy+EmCb585vFguTlaJ7hq0=",
      "requires": {
        "oauth": "0.9.15",
        "passport-strategy": "1.0.0",
        "uid2": "0.0.3",
        "utils-merge": "1.0.0"
      }
    },
    "passport-twitter": {
      "version": "1.0.4",
      "resolved": "https://registry.npmjs.org/passport-twitter/-/passport-twitter-1.0.4.tgz",
      "integrity": "sha1-AaeZ4fdgvy3knyul+6MigvGJMtc=",
      "requires": {
        "passport-oauth1": "1.1.0",
        "xtraverse": "0.1.0"
      }
    },
    "paul": {
      "version": "0.0.3",
      "resolved": "https://registry.npmjs.org/paul/-/paul-0.0.3.tgz",
      "integrity": "sha1-f77zPfaTbAUMt+nADCLL0RC3u08="
    },
    "pinkie": {
      "version": "2.0.4",
      "resolved": "https://registry.npmjs.org/pinkie/-/pinkie-2.0.4.tgz",
      "integrity": "sha1-clVrgM+g1IqXToDnckjoDtT3+HA="
    },
    "pinkie-promise": {
      "version": "2.0.1",
      "resolved": "https://registry.npmjs.org/pinkie-promise/-/pinkie-promise-2.0.1.tgz",
      "integrity": "sha1-ITXW36ejWMBprJsXh3YogihFD/o="
    },
    "platform": {
      "version": "1.3.4",
      "resolved": "https://registry.npmjs.org/platform/-/platform-1.3.4.tgz",
      "integrity": "sha1-bw+xftqqSPIUQrOpdcBjEw8cPr0="
    },
    "postcss-for": {
      "version": "2.1.1",
      "resolved": "https://registry.npmjs.org/postcss-for/-/postcss-for-2.1.1.tgz",
      "integrity": "sha1-hBN4wO+QnVDhmA1apx5qNA5yj80=",
      "requires": {
        "postcss": "5.2.17",
        "postcss-simple-vars": "2.0.0"
      }
    },
    "postcss-map": {
      "version": "0.9.0",
      "resolved": "https://registry.npmjs.org/postcss-map/-/postcss-map-0.9.0.tgz",
      "integrity": "sha1-ALC3ZJOE7D3i++TkNVfL4CpBfUQ=",
      "requires": {
        "js-yaml": "3.9.0",
        "postcss": "6.0.8",
        "reduce-function-call": "1.0.2"
      },
      "dependencies": {
        "ansi-styles": {
          "version": "3.2.0",
          "resolved": "https://registry.npmjs.org/ansi-styles/-/ansi-styles-3.2.0.tgz",
          "integrity": "sha512-NnSOmMEYtVR2JVMIGTzynRkkaxtiq1xnFBcdQD/DnNCYPoEPsVJhM98BDyaoNOQIi7p4okdi3E27eN7GQbsUug==",
          "requires": {
            "color-convert": "1.9.0"
          }
        },
        "chalk": {
          "version": "2.0.1",
          "resolved": "https://registry.npmjs.org/chalk/-/chalk-2.0.1.tgz",
          "integrity": "sha512-Mp+FXEI+FrwY/XYV45b2YD3E8i3HwnEAoFcM0qlZzq/RZ9RwWitt2Y/c7cqRAz70U7hfekqx6qNYthuKFO6K0g==",
          "requires": {
            "ansi-styles": "3.2.0",
            "escape-string-regexp": "1.0.5",
            "supports-color": "4.2.1"
          }
        },
        "has-flag": {
          "version": "2.0.0",
          "resolved": "https://registry.npmjs.org/has-flag/-/has-flag-2.0.0.tgz",
          "integrity": "sha1-6CB68cx7MNRGzHC3NLXovhj4jVE="
        },
        "postcss": {
          "version": "6.0.8",
          "resolved": "https://registry.npmjs.org/postcss/-/postcss-6.0.8.tgz",
          "integrity": "sha512-G6WnRmdTt2jvJvY+aY+M0AO4YlbxE+slKPZb+jG2P2U9Tyxi3h1fYZ/DgiFU6DC6bv3XIEJoZt+f/kNh8BrWFw==",
          "requires": {
            "chalk": "2.0.1",
            "source-map": "0.5.6",
            "supports-color": "4.2.1"
          }
        },
        "supports-color": {
          "version": "4.2.1",
          "resolved": "https://registry.npmjs.org/supports-color/-/supports-color-4.2.1.tgz",
          "integrity": "sha512-qxzYsob3yv6U+xMzPrv170y8AwGP7i74g+pbixCfD6rgso8BscLT2qXIuz6TpOaiJZ3mFgT5O9lyT9nMU4LfaA==",
          "requires": {
            "has-flag": "2.0.0"
          }
        }
      }
    },
    "postcss-simple-vars": {
      "version": "2.0.0",
      "resolved": "https://registry.npmjs.org/postcss-simple-vars/-/postcss-simple-vars-2.0.0.tgz",
      "integrity": "sha1-0KEJGw2iK3lQcCj3siuXbApguNU=",
      "requires": {
        "postcss": "5.2.17"
      }
    },
    "promise": {
      "version": "7.3.1",
      "resolved": "https://registry.npmjs.org/promise/-/promise-7.3.1.tgz",
      "integrity": "sha512-nolQXZ/4L+bP/UGlkfaIujX9BKxGwmQ9OT4mOt5yvy8iK1h3wqTEJCijzGANTCCl9nWjY41juyAn2K3Q1hLLTg=="
    },
    "prop-types": {
      "version": "15.5.10",
      "resolved": "https://registry.npmjs.org/prop-types/-/prop-types-15.5.10.tgz",
      "integrity": "sha1-J5ffwxJhguOpXj37suiT3ddFYVQ="
    },
    "react-ace": {
      "version": "5.0.1",
      "resolved": "https://registry.npmjs.org/react-ace/-/react-ace-5.0.1.tgz",
      "integrity": "sha1-pqiKWygQGdPR3pJBRk1d/QLO9oo="
    },
    "react-dnd": {
      "version": "2.4.0",
      "resolved": "https://registry.npmjs.org/react-dnd/-/react-dnd-2.4.0.tgz",
      "integrity": "sha1-lvAELNTNN1tPDDQT9uyE0me315I="
    },
    "react-dnd-html5-backend": {
      "version": "2.4.1",
      "resolved": "https://registry.npmjs.org/react-dnd-html5-backend/-/react-dnd-html5-backend-2.4.1.tgz",
      "integrity": "sha1-Q50ryvi9i4elE4a+tRwSiCYYLd0="
    },
    "redux": {
      "version": "3.7.1",
      "resolved": "https://registry.npmjs.org/redux/-/redux-3.7.1.tgz",
      "integrity": "sha512-iEVTlORM5mv6xb3ZAOyrVehVUD+W87jdFAX6SYVgZh3/SQAWFSxTRJOqPWQdvo4VN4lJkNDvqKlBXBabsJTSkA=="
    },
    "regenerator-runtime": {
      "version": "0.10.5",
      "resolved": "https://registry.npmjs.org/regenerator-runtime/-/regenerator-runtime-0.10.5.tgz",
      "integrity": "sha1-M2w+/BIgrc7dosn6tntaeVWjNlg="
    },
    "rx": {
      "version": "4.1.0",
      "resolved": "https://registry.npmjs.org/rx/-/rx-4.1.0.tgz",
      "integrity": "sha1-pfE/957zt0D+MKqAP7CfmIBdR4I="
    },
    "sequelize": {
      "version": "4.4.2",
      "resolved": "https://registry.npmjs.org/sequelize/-/sequelize-4.4.2.tgz",
      "integrity": "sha1-lSkuCnUuJYbskqDnI2K3bk/Ljq4=",
      "requires": {
        "bluebird": "3.5.0",
        "cls-bluebird": "2.0.1",
        "debug": "2.6.8",
        "depd": "1.1.0",
        "dottie": "2.0.0",
        "env-cmd": "5.1.0",
        "generic-pool": "3.1.7",
        "inflection": "1.10.0",
        "lodash": "4.17.4",
        "moment": "2.18.1",
        "moment-timezone": "0.5.13",
        "retry-as-promised": "2.2.0",
        "semver": "5.0.3",
        "terraformer-wkt-parser": "1.1.2",
        "toposort-class": "1.0.1",
        "uuid": "3.1.0",
        "validator": "6.3.0",
        "wkx": "0.4.1"
      },
      "dependencies": {
        "generic-pool": {
          "version": "3.1.7",
          "resolved": "https://registry.npmjs.org/generic-pool/-/generic-pool-3.1.7.tgz",
          "integrity": "sha1-2sIrLHp6BOQXMvfY0tJaMDyI9mI="
        },
        "uuid": {
          "version": "3.1.0",
          "resolved": "https://registry.npmjs.org/uuid/-/uuid-3.1.0.tgz",
          "integrity": "sha512-DIWtzUkw04M4k3bf1IcpS2tngXEL26YUD2M0tMDUpnUrz2hgzUBlD55a4FjdLGPvfHxS6uluGWvaVEqgBcVa+g=="
        }
      }
    },
    "setimmediate": {
      "version": "1.0.5",
      "resolved": "https://registry.npmjs.org/setimmediate/-/setimmediate-1.0.5.tgz",
      "integrity": "sha1-KQy7Iy4waULX1+qbg3Mqt4VvgoU="
    },
    "signal-exit": {
      "version": "3.0.2",
      "resolved": "https://registry.npmjs.org/signal-exit/-/signal-exit-3.0.2.tgz",
      "integrity": "sha1-tf3AjxKH6hF4Yo5BXiUTK3NkbG0="
    },
    "strip-ansi": {
      "version": "3.0.1",
      "resolved": "https://registry.npmjs.org/strip-ansi/-/strip-ansi-3.0.1.tgz",
      "integrity": "sha1-ajhfuIU9lS1f8F0Oiq+UJ43GPc8="
    },
    "supports-color": {
      "version": "2.0.0",
      "resolved": "https://registry.npmjs.org/supports-color/-/supports-color-2.0.0.tgz",
      "integrity": "sha1-U10EXOa2Nj+kARcIRimZXp3zJMc="
    },
    "symbol-observable": {
      "version": "1.0.4",
      "resolved": "https://registry.npmjs.org/symbol-observable/-/symbol-observable-1.0.4.tgz",
      "integrity": "sha1-Kb9hXUqnEhvdiYsi1LP5vE4qoD0="
    },
    "through": {
      "version": "2.3.8",
      "resolved": "https://registry.npmjs.org/through/-/through-2.3.8.tgz",
      "integrity": "sha1-DdTJ/6q8NXlgsbckEV1+Doai4fU="
    },
    "tmp": {
      "version": "0.0.31",
      "resolved": "https://registry.npmjs.org/tmp/-/tmp-0.0.31.tgz",
      "integrity": "sha1-jzirlDjhcxXl29izZX6L+yd65Kc="
    },
    "ua-parser-js": {
      "version": "0.7.13",
      "resolved": "https://registry.npmjs.org/ua-parser-js/-/ua-parser-js-0.7.13.tgz",
      "integrity": "sha1-zZ3S+GSTs/RNvu7zeA/adMXuFL4="
    },
    "uid2": {
      "version": "0.0.3",
      "resolved": "https://registry.npmjs.org/uid2/-/uid2-0.0.3.tgz",
      "integrity": "sha1-SDEm4Rd03y9xuLY53NeZw3YWK4I="
    },
    "w3c-blob": {
      "version": "0.0.1",
      "resolved": "https://registry.npmjs.org/w3c-blob/-/w3c-blob-0.0.1.tgz",
      "integrity": "sha1-sM01KhpQ9RVWNCD/1YYflQ8dhbg="
    },
    "whatwg-fetch": {
      "version": "2.0.3",
      "resolved": "https://registry.npmjs.org/whatwg-fetch/-/whatwg-fetch-2.0.3.tgz",
      "integrity": "sha1-nITsLc9oGH/wC8ZOEnS0QhduHIQ="
    },
    "xtraverse": {
      "version": "0.1.0",
      "resolved": "https://registry.npmjs.org/xtraverse/-/xtraverse-0.1.0.tgz",
      "integrity": "sha1-t0G60BjveNip0ug63gB7P3lZxzI=",
      "requires": {
        "xmldom": "0.1.27"
      }
    }
  }
}
